
Microsoft Visual Studio Solution File, Format Version 12.00
# Visual Studio Version 16
VisualStudioVersion = 16.0.31507.150
MinimumVisualStudioVersion = 10.0.40219.1
Project("{9A19103F-16F7-4668-BE54-9A1E7A4F7556}") = "Gizmo.Client.UI", "Gizmo.Client.UI\Gizmo.Client.UI.csproj", "{FD81D5BC-ED7D-4AD1-9FDF-888B09D7A37C}"
EndProject
Project("{9A19103F-16F7-4668-BE54-9A1E7A4F7556}") = "Gizmo.Shared", "..\Gizmo.Shared\Gizmo.Shared.csproj", "{25F3C3A1-2144-4D45-B3A8-B678F62F147C}"
EndProject
Project("{9A19103F-16F7-4668-BE54-9A1E7A4F7556}") = "Gizmo.Web.Components", "..\Gizmo.Web.Components\Gizmo.Web.Components.csproj", "{E68CA0E1-D165-4EB1-BEF3-6185C95596DD}"
EndProject
Project("{2150E333-8FDC-42A3-9474-1A3956D46DE8}") = "Shared", "Shared", "{1690C071-6AAC-4C65-BDBD-F0F115B3D26D}"
EndProject
Project("{9A19103F-16F7-4668-BE54-9A1E7A4F7556}") = "Gizmo.Client.UI.Host.Web", "Gizmo.Client.UI.Host.Web\Gizmo.Client.UI.Host.Web.csproj", "{D992C7F6-865A-4B0D-BE19-DE01194E203A}"
EndProject
Project("{9A19103F-16F7-4668-BE54-9A1E7A4F7556}") = "Gizmo.Client.UI.Host.WPF", "Gizmo.Client.UI.Host.WPF\Gizmo.Client.UI.Host.WPF.csproj", "{9D268F0A-6D02-4437-9A12-AA7C6C014831}"
EndProject
Global
	GlobalSection(SolutionConfigurationPlatforms) = preSolution
		Debug|Any CPU = Debug|Any CPU
		Release|Any CPU = Release|Any CPU
	EndGlobalSection
	GlobalSection(ProjectConfigurationPlatforms) = postSolution
		{FD81D5BC-ED7D-4AD1-9FDF-888B09D7A37C}.Debug|Any CPU.ActiveCfg = Debug|Any CPU
		{FD81D5BC-ED7D-4AD1-9FDF-888B09D7A37C}.Debug|Any CPU.Build.0 = Debug|Any CPU
		{FD81D5BC-ED7D-4AD1-9FDF-888B09D7A37C}.Release|Any CPU.ActiveCfg = Release|Any CPU
		{FD81D5BC-ED7D-4AD1-9FDF-888B09D7A37C}.Release|Any CPU.Build.0 = Release|Any CPU
		{25F3C3A1-2144-4D45-B3A8-B678F62F147C}.Debug|Any CPU.ActiveCfg = Debug|Any CPU
		{25F3C3A1-2144-4D45-B3A8-B678F62F147C}.Debug|Any CPU.Build.0 = Debug|Any CPU
		{25F3C3A1-2144-4D45-B3A8-B678F62F147C}.Release|Any CPU.ActiveCfg = Release|Any CPU
		{25F3C3A1-2144-4D45-B3A8-B678F62F147C}.Release|Any CPU.Build.0 = Release|Any CPU
		{E68CA0E1-D165-4EB1-BEF3-6185C95596DD}.Debug|Any CPU.ActiveCfg = Debug|Any CPU
		{E68CA0E1-D165-4EB1-BEF3-6185C95596DD}.Debug|Any CPU.Build.0 = Debug|Any CPU
		{E68CA0E1-D165-4EB1-BEF3-6185C95596DD}.Release|Any CPU.ActiveCfg = Release|Any CPU
		{E68CA0E1-D165-4EB1-BEF3-6185C95596DD}.Release|Any CPU.Build.0 = Release|Any CPU
		{D992C7F6-865A-4B0D-BE19-DE01194E203A}.Debug|Any CPU.ActiveCfg = Debug|Any CPU
		{D992C7F6-865A-4B0D-BE19-DE01194E203A}.Debug|Any CPU.Build.0 = Debug|Any CPU
		{D992C7F6-865A-4B0D-BE19-DE01194E203A}.Release|Any CPU.ActiveCfg = Release|Any CPU
		{D992C7F6-865A-4B0D-BE19-DE01194E203A}.Release|Any CPU.Build.0 = Release|Any CPU
		{9D268F0A-6D02-4437-9A12-AA7C6C014831}.Debug|Any CPU.ActiveCfg = Debug|Any CPU
		{9D268F0A-6D02-4437-9A12-AA7C6C014831}.Debug|Any CPU.Build.0 = Debug|Any CPU
		{9D268F0A-6D02-4437-9A12-AA7C6C014831}.Release|Any CPU.ActiveCfg = Release|Any CPU
		{9D268F0A-6D02-4437-9A12-AA7C6C014831}.Release|Any CPU.Build.0 = Release|Any CPU
	EndGlobalSection
	GlobalSection(SolutionProperties) = preSolution
		HideSolutionNode = FALSE
	EndGlobalSection
	GlobalSection(NestedProjects) = preSolution
		{25F3C3A1-2144-4D45-B3A8-B678F62F147C} = {1690C071-6AAC-4C65-BDBD-F0F115B3D26D}
		{E68CA0E1-D165-4EB1-BEF3-6185C95596DD} = {1690C071-6AAC-4C65-BDBD-F0F115B3D26D}
	EndGlobalSection
	GlobalSection(ExtensibilityGlobals) = postSolution
		SolutionGuid = {CE0C67A6-6FDD-4EFA-A3BE-689CA7D769E3}
	EndGlobalSection
EndGlobal
